
Microsoft Visual Studio Solution File, Format Version 12.00
# Visual Studio Version 16
VisualStudioVersion = 16.0.30503.244
MinimumVisualStudioVersion = 10.0.40219.1
Project("{FAE04EC0-301F-11D3-BF4B-00C04F79EFBC}") = "HourlyPaySorter", "HourlyPaySorter\HourlyPaySorter.csproj", "{AFA4C7D1-3ED9-47D5-937E-8CD07A58B24A}"
EndProject
Project("{FAE04EC0-301F-11D3-BF4B-00C04F79EFBC}") = "EmployeeSearch", "EmployeeSearch\EmployeeSearch.csproj", "{D1E543AF-D154-4766-819E-E80F1AAFB7DD}"
EndProject
Project("{FAE04EC0-301F-11D3-BF4B-00C04F79EFBC}") = "HighestLowest", "HighestLowest\HighestLowest.csproj", "{05A53F2A-C3CD-402C-9C9C-FA9B2AF307F0}"
EndProject
Global
	GlobalSection(SolutionConfigurationPlatforms) = preSolution
		Debug|Any CPU = Debug|Any CPU
		Release|Any CPU = Release|Any CPU
	EndGlobalSection
	GlobalSection(ProjectConfigurationPlatforms) = postSolution
		{AFA4C7D1-3ED9-47D5-937E-8CD07A58B24A}.Debug|Any CPU.ActiveCfg = Debug|Any CPU
		{AFA4C7D1-3ED9-47D5-937E-8CD07A58B24A}.Debug|Any CPU.Build.0 = Debug|Any CPU
		{AFA4C7D1-3ED9-47D5-937E-8CD07A58B24A}.Release|Any CPU.ActiveCfg = Release|Any CPU
		{AFA4C7D1-3ED9-47D5-937E-8CD07A58B24A}.Release|Any CPU.Build.0 = Release|Any CPU
		{D1E543AF-D154-4766-819E-E80F1AAFB7DD}.Debug|Any CPU.ActiveCfg = Debug|Any CPU
		{D1E543AF-D154-4766-819E-E80F1AAFB7DD}.Debug|Any CPU.Build.0 = Debug|Any CPU
		{D1E543AF-D154-4766-819E-E80F1AAFB7DD}.Release|Any CPU.ActiveCfg = Release|Any CPU
		{D1E543AF-D154-4766-819E-E80F1AAFB7DD}.Release|Any CPU.Build.0 = Release|Any CPU
		{05A53F2A-C3CD-402C-9C9C-FA9B2AF307F0}.Debug|Any CPU.ActiveCfg = Debug|Any CPU
		{05A53F2A-C3CD-402C-9C9C-FA9B2AF307F0}.Debug|Any CPU.Build.0 = Debug|Any CPU
		{05A53F2A-C3CD-402C-9C9C-FA9B2AF307F0}.Release|Any CPU.ActiveCfg = Release|Any CPU
		{05A53F2A-C3CD-402C-9C9C-FA9B2AF307F0}.Release|Any CPU.Build.0 = Release|Any CPU
	EndGlobalSection
	GlobalSection(SolutionProperties) = preSolution
		HideSolutionNode = FALSE
	EndGlobalSection
	GlobalSection(ExtensibilityGlobals) = postSolution
		SolutionGuid = {E2074D50-CD02-4199-8C43-8C69EDB34C0E}
	EndGlobalSection
EndGlobal
